{
  "name": "admerest",
  "version": "0.1.0",
  "lockfileVersion": 3,
  "requires": true,
  "packages": {
    "": {
      "name": "admerest",
      "version": "0.1.0",
      "dependencies": {
        "@dimforge/rapier3d-compat": "0.21.0",
        "country-flag-icons": "1.6.20",
        "three": "0.186.1"
      }
    },
    "node_modules/@dimforge/rapier3d-compat": {
      "version": "0.21.0",
      "resolved": "https://registry.npmjs.org/@dimforge/rapier3d-compat/-/rapier3d-compat-0.21.0.tgz",
      "integrity": "sha512-tCl1HPGwOhn5aCQbgqWbOH+Nx/5fnr3IPAnzQuR7zIhC/raqi2yxC6LhvZqjdI2El5hQgY5RDAwDrAjAi2FdPA==",
      "license": "Apache-2.0"
    },
    "node_modules/country-flag-icons": {
      "version": "1.6.20",
      "resolved": "https://registry.npmjs.org/country-flag-icons/-/country-flag-icons-1.6.20.tgz",
      "integrity": "sha512-py8JiEKzjhYw6HPJ0L7SxLgCYim36UPRTZX43/kqGueUCZLSvnrqAiwW8HtQibur7mdkFQUkjOgdK+o/9FBtaw==",
      "license": "MIT"
    },
    "node_modules/three": {
      "version": "0.186.1",
      "resolved": "https://registry.npmjs.org/three/-/three-0.186.1.tgz",
      "integrity": "sha512-blFeqb49wRCSGUGj7gtpfnSGHy2lwDk94RhUmS1c/hTby70kvChbWpkJ4Pm1390LqzzvTmzgXKHPEafJwCb8jA==",
      "license": "MIT"
    }
  }
}
